// !$*UTF8*$!
{
	archiveVersion = 1;
	classes = {
	};
	objectVersion = 55;
	objects = {

/* Begin PBXBuildFile section */
		09C2E8227A6439394E2912E6 /* Pods_skripsi.framework in Frameworks */ = {isa = PBXBuildFile; fileRef = AC8E43BC10F6D2B20B573DF0 /* Pods_skripsi.framework */; };
		150024BD29E2F266002C4554 /* TesRuleController.swift in Sources */ = {isa = PBXBuildFile; fileRef = 150024BC29E2F266002C4554 /* TesRuleController.swift */; };
		150024BF29E302C4002C4554 /* DoTesController.swift in Sources */ = {isa = PBXBuildFile; fileRef = 150024BE29E302C4002C4554 /* DoTesController.swift */; };
		150024C129E44591002C4554 /* TesMuridModel.swift in Sources */ = {isa = PBXBuildFile; fileRef = 150024C029E44591002C4554 /* TesMuridModel.swift */; };
		150024C429E680EE002C4554 /* TimerTVC.swift in Sources */ = {isa = PBXBuildFile; fileRef = 150024C229E680EE002C4554 /* TimerTVC.swift */; };
		150024C529E680EE002C4554 /* TimerTVC.xib in Resources */ = {isa = PBXBuildFile; fileRef = 150024C329E680EE002C4554 /* TimerTVC.xib */; };
		150024C729E7020B002C4554 /* EmptySpaceTugasController.swift in Sources */ = {isa = PBXBuildFile; fileRef = 150024C629E7020B002C4554 /* EmptySpaceTugasController.swift */; };
		150024C929E703CE002C4554 /* EmptySpaceTesController.swift in Sources */ = {isa = PBXBuildFile; fileRef = 150024C829E703CE002C4554 /* EmptySpaceTesController.swift */; };
		1517676929DE85F400294010 /* InputTesController.swift in Sources */ = {isa = PBXBuildFile; fileRef = 1517676829DE85F400294010 /* InputTesController.swift */; };
		1517676D29DE872200294010 /* TesNameTVC.swift in Sources */ = {isa = PBXBuildFile; fileRef = 1517676B29DE872200294010 /* TesNameTVC.swift */; };
		1517676E29DE872200294010 /* TesNameTVC.xib in Resources */ = {isa = PBXBuildFile; fileRef = 1517676C29DE872200294010 /* TesNameTVC.xib */; };
		1517677129DE873900294010 /* TesDescriptionTVC.swift in Sources */ = {isa = PBXBuildFile; fileRef = 1517676F29DE873900294010 /* TesDescriptionTVC.swift */; };
		1517677229DE873900294010 /* TesDescriptionTVC.xib in Resources */ = {isa = PBXBuildFile; fileRef = 1517677029DE873900294010 /* TesDescriptionTVC.xib */; };
		1517677429DE92C400294010 /* TesModel.swift in Sources */ = {isa = PBXBuildFile; fileRef = 1517677329DE92C400294010 /* TesModel.swift */; };
		1517677B29DE986100294010 /* TesTVC.swift in Sources */ = {isa = PBXBuildFile; fileRef = 1517677929DE986100294010 /* TesTVC.swift */; };
		1517677C29DE986100294010 /* TesTVC.xib in Resources */ = {isa = PBXBuildFile; fileRef = 1517677A29DE986100294010 /* TesTVC.xib */; };
		1517677E29DEAF5200294010 /* SoalController.swift in Sources */ = {isa = PBXBuildFile; fileRef = 1517677D29DEAF5200294010 /* SoalController.swift */; };
		1517678029DEC91700294010 /* EmptySpaceSoalController.swift in Sources */ = {isa = PBXBuildFile; fileRef = 1517677F29DEC91700294010 /* EmptySpaceSoalController.swift */; };
		1517678229DF129C00294010 /* MakeSoalController.swift in Sources */ = {isa = PBXBuildFile; fileRef = 1517678129DF129C00294010 /* MakeSoalController.swift */; };
		1517678629DF13A800294010 /* QuestionTVC.swift in Sources */ = {isa = PBXBuildFile; fileRef = 1517678429DF13A800294010 /* QuestionTVC.swift */; };
		1517678729DF13A800294010 /* QuestionTVC.xib in Resources */ = {isa = PBXBuildFile; fileRef = 1517678529DF13A800294010 /* QuestionTVC.xib */; };
		1517678A29DF13C000294010 /* AnswerATVC.swift in Sources */ = {isa = PBXBuildFile; fileRef = 1517678829DF13C000294010 /* AnswerATVC.swift */; };
		1517678B29DF13C000294010 /* AnswerATVC.xib in Resources */ = {isa = PBXBuildFile; fileRef = 1517678929DF13C000294010 /* AnswerATVC.xib */; };
		1517678E29DF13CF00294010 /* AnswerBTVC.swift in Sources */ = {isa = PBXBuildFile; fileRef = 1517678C29DF13CF00294010 /* AnswerBTVC.swift */; };
		1517678F29DF13CF00294010 /* AnswerBTVC.xib in Resources */ = {isa = PBXBuildFile; fileRef = 1517678D29DF13CF00294010 /* AnswerBTVC.xib */; };
		1517679229DF13DB00294010 /* AnswerCTVC.swift in Sources */ = {isa = PBXBuildFile; fileRef = 1517679029DF13DB00294010 /* AnswerCTVC.swift */; };
		1517679329DF13DB00294010 /* AnswerCTVC.xib in Resources */ = {isa = PBXBuildFile; fileRef = 1517679129DF13DB00294010 /* AnswerCTVC.xib */; };
		1517679629DF13E700294010 /* AnswerDTVC.swift in Sources */ = {isa = PBXBuildFile; fileRef = 1517679429DF13E700294010 /* AnswerDTVC.swift */; };
		1517679729DF13E700294010 /* AnswerDTVC.xib in Resources */ = {isa = PBXBuildFile; fileRef = 1517679529DF13E700294010 /* AnswerDTVC.xib */; };
		1517679A29DF13FC00294010 /* CorrectAnswerTVC.swift in Sources */ = {isa = PBXBuildFile; fileRef = 1517679829DF13FC00294010 /* CorrectAnswerTVC.swift */; };
		1517679B29DF13FC00294010 /* CorrectAnswerTVC.xib in Resources */ = {isa = PBXBuildFile; fileRef = 1517679929DF13FC00294010 /* CorrectAnswerTVC.xib */; };
		1517679D29DFF6B400294010 /* SoalModel.swift in Sources */ = {isa = PBXBuildFile; fileRef = 1517679C29DFF6B400294010 /* SoalModel.swift */; };
		151767A129DFF82800294010 /* SoalTVC.swift in Sources */ = {isa = PBXBuildFile; fileRef = 1517679F29DFF82800294010 /* SoalTVC.swift */; };
		151767A229DFF82800294010 /* SoalTVC.xib in Resources */ = {isa = PBXBuildFile; fileRef = 151767A029DFF82800294010 /* SoalTVC.xib */; };
		151767A629E149C400294010 /* KumpulanTesController.swift in Sources */ = {isa = PBXBuildFile; fileRef = 151767A529E149C400294010 /* KumpulanTesController.swift */; };
		151767A929E14B0600294010 /* KumpulanTesTVC.swift in Sources */ = {isa = PBXBuildFile; fileRef = 151767A829E14B0600294010 /* KumpulanTesTVC.swift */; };
		154862C029B5CDA3001B90DE /* GuruClassController.swift in Sources */ = {isa = PBXBuildFile; fileRef = 154862BF29B5CDA3001B90DE /* GuruClassController.swift */; };
		154862C429B5DA53001B90DE /* ModulTVC.swift in Sources */ = {isa = PBXBuildFile; fileRef = 154862C229B5DA53001B90DE /* ModulTVC.swift */; };
		154862C529B5DA53001B90DE /* ModulTVC.xib in Resources */ = {isa = PBXBuildFile; fileRef = 154862C329B5DA53001B90DE /* ModulTVC.xib */; };
		154862C829B5DA62001B90DE /* TugasTVC.swift in Sources */ = {isa = PBXBuildFile; fileRef = 154862C629B5DA62001B90DE /* TugasTVC.swift */; };
		154862C929B5DA62001B90DE /* TugasTVC.xib in Resources */ = {isa = PBXBuildFile; fileRef = 154862C729B5DA62001B90DE /* TugasTVC.xib */; };
		154862CB29B70C3F001B90DE /* ModulController.swift in Sources */ = {isa = PBXBuildFile; fileRef = 154862CA29B70C3F001B90DE /* ModulController.swift */; };
		154862CF29B711AF001B90DE /* ModulNameTVC.swift in Sources */ = {isa = PBXBuildFile; fileRef = 154862CD29B711AF001B90DE /* ModulNameTVC.swift */; };
		154862D029B711AF001B90DE /* ModulNameTVC.xib in Resources */ = {isa = PBXBuildFile; fileRef = 154862CE29B711AF001B90DE /* ModulNameTVC.xib */; };
		154862D329B711C3001B90DE /* ModulDescriptionTVC.swift in Sources */ = {isa = PBXBuildFile; fileRef = 154862D129B711C3001B90DE /* ModulDescriptionTVC.swift */; };
		154862D429B711C3001B90DE /* ModulDescriptionTVC.xib in Resources */ = {isa = PBXBuildFile; fileRef = 154862D229B711C3001B90DE /* ModulDescriptionTVC.xib */; };
		154862D729B711D4001B90DE /* UploadTVC.swift in Sources */ = {isa = PBXBuildFile; fileRef = 154862D529B711D4001B90DE /* UploadTVC.swift */; };
		154862D829B711D4001B90DE /* UploadTVC.xib in Resources */ = {isa = PBXBuildFile; fileRef = 154862D629B711D4001B90DE /* UploadTVC.xib */; };
		154862DA29B72958001B90DE /* TugasController.swift in Sources */ = {isa = PBXBuildFile; fileRef = 154862D929B72958001B90DE /* TugasController.swift */; };
		154862E229B72BF7001B90DE /* TugasDescriptionTVC.swift in Sources */ = {isa = PBXBuildFile; fileRef = 154862E029B72BF7001B90DE /* TugasDescriptionTVC.swift */; };
		154862E329B72BF7001B90DE /* TugasDescriptionTVC.xib in Resources */ = {isa = PBXBuildFile; fileRef = 154862E129B72BF7001B90DE /* TugasDescriptionTVC.xib */; };
		154862E629B72C0A001B90DE /* TugasNameTVC.swift in Sources */ = {isa = PBXBuildFile; fileRef = 154862E429B72C09001B90DE /* TugasNameTVC.swift */; };
		154862E729B72C0A001B90DE /* TugasNameTVC.xib in Resources */ = {isa = PBXBuildFile; fileRef = 154862E529B72C0A001B90DE /* TugasNameTVC.xib */; };
		154862E929B99DFC001B90DE /* KumpulanTugasController.swift in Sources */ = {isa = PBXBuildFile; fileRef = 154862E829B99DFC001B90DE /* KumpulanTugasController.swift */; };
		154862EC29B9A274001B90DE /* KumpulanTugasTVC.swift in Sources */ = {isa = PBXBuildFile; fileRef = 154862EB29B9A274001B90DE /* KumpulanTugasTVC.swift */; };
		1559C57429BDB8880006CA4F /* ExpandableTVC.swift in Sources */ = {isa = PBXBuildFile; fileRef = 1559C57229BDB8880006CA4F /* ExpandableTVC.swift */; };
		1559C57529BDB8880006CA4F /* ExpandableTVC.xib in Resources */ = {isa = PBXBuildFile; fileRef = 1559C57329BDB8880006CA4F /* ExpandableTVC.xib */; };
		1559C57729BDC9870006CA4F /* InputTugasController.swift in Sources */ = {isa = PBXBuildFile; fileRef = 1559C57629BDC9870006CA4F /* InputTugasController.swift */; };
		1559C57B29BFB3EC0006CA4F /* DeskripsiTugasTVC.swift in Sources */ = {isa = PBXBuildFile; fileRef = 1559C57929BFB3EC0006CA4F /* DeskripsiTugasTVC.swift */; };
		1559C57C29BFB3EC0006CA4F /* DeskripsiTugasTVC.xib in Resources */ = {isa = PBXBuildFile; fileRef = 1559C57A29BFB3EC0006CA4F /* DeskripsiTugasTVC.xib */; };
		1559C57F29BFB3FC0006CA4F /* PengumpulanTugasTVC.swift in Sources */ = {isa = PBXBuildFile; fileRef = 1559C57D29BFB3FC0006CA4F /* PengumpulanTugasTVC.swift */; };
		1559C58029BFB3FC0006CA4F /* PengumpulanTugasTVC.xib in Resources */ = {isa = PBXBuildFile; fileRef = 1559C57E29BFB3FC0006CA4F /* PengumpulanTugasTVC.xib */; };
		1559C58229C20FED0006CA4F /* GoogleService-Info.plist in Resources */ = {isa = PBXBuildFile; fileRef = 1559C58129C20FED0006CA4F /* GoogleService-Info.plist */; };
		1559C58429C32A0C0006CA4F /* UserModel.swift in Sources */ = {isa = PBXBuildFile; fileRef = 1559C58329C32A0C0006CA4F /* UserModel.swift */; };
		1559C58629C347610006CA4F /* ClassModel.swift in Sources */ = {isa = PBXBuildFile; fileRef = 1559C58529C347610006CA4F /* ClassModel.swift */; };
		1559C58829CDDD6D0006CA4F /* EmptySpaceGuruController.swift in Sources */ = {isa = PBXBuildFile; fileRef = 1559C58729CDDD6D0006CA4F /* EmptySpaceGuruController.swift */; };
		1559C58A29CDE07C0006CA4F /* ModulModel.swift in Sources */ = {isa = PBXBuildFile; fileRef = 1559C58929CDE07C0006CA4F /* ModulModel.swift */; };
		1559C58C29CE08360006CA4F /* EmptySpaceFindController.swift in Sources */ = {isa = PBXBuildFile; fileRef = 1559C58B29CE08360006CA4F /* EmptySpaceFindController.swift */; };
		1587B02F29AC71B6007229DB /* AppDelegate.swift in Sources */ = {isa = PBXBuildFile; fileRef = 1587B02E29AC71B6007229DB /* AppDelegate.swift */; };
		1587B03129AC71B6007229DB /* SceneDelegate.swift in Sources */ = {isa = PBXBuildFile; fileRef = 1587B03029AC71B6007229DB /* SceneDelegate.swift */; };
		1587B03329AC71B6007229DB /* ViewController.swift in Sources */ = {isa = PBXBuildFile; fileRef = 1587B03229AC71B6007229DB /* ViewController.swift */; };
		1587B03629AC71B6007229DB /* Main.storyboard in Resources */ = {isa = PBXBuildFile; fileRef = 1587B03429AC71B6007229DB /* Main.storyboard */; };
		1587B03829AC71B7007229DB /* Assets.xcassets in Resources */ = {isa = PBXBuildFile; fileRef = 1587B03729AC71B7007229DB /* Assets.xcassets */; };
		1587B03B29AC71B7007229DB /* LaunchScreen.storyboard in Resources */ = {isa = PBXBuildFile; fileRef = 1587B03929AC71B7007229DB /* LaunchScreen.storyboard */; };
		1587B04729AC72E6007229DB /* UIView+Extension.swift in Sources */ = {isa = PBXBuildFile; fileRef = 1587B04629AC72E6007229DB /* UIView+Extension.swift */; };
		1587B05029AC7385007229DB /* OnBoardingController.swift in Sources */ = {isa = PBXBuildFile; fileRef = 1587B04F29AC7385007229DB /* OnBoardingController.swift */; };
		1587B05229AC7390007229DB /* LoginController.swift in Sources */ = {isa = PBXBuildFile; fileRef = 1587B05129AC7390007229DB /* LoginController.swift */; };
		1587B05429AC739A007229DB /* RegisterController.swift in Sources */ = {isa = PBXBuildFile; fileRef = 1587B05329AC739A007229DB /* RegisterController.swift */; };
		1587B05629AC7496007229DB /* Onboarding.swift in Sources */ = {isa = PBXBuildFile; fileRef = 1587B05529AC7496007229DB /* Onboarding.swift */; };
		159FD2F929ACDF84000DFC26 /* OnboardingCell.swift in Sources */ = {isa = PBXBuildFile; fileRef = 159FD2F829ACDF84000DFC26 /* OnboardingCell.swift */; };
		159FD2FD29ADB0A6000DFC26 /* Register.storyboard in Resources */ = {isa = PBXBuildFile; fileRef = 159FD2FC29ADB0A6000DFC26 /* Register.storyboard */; };
		159FD2FF29ADB0B0000DFC26 /* Login.storyboard in Resources */ = {isa = PBXBuildFile; fileRef = 159FD2FE29ADB0B0000DFC26 /* Login.storyboard */; };
		15DD9CF129D164250001DD15 /* StatusTVC.swift in Sources */ = {isa = PBXBuildFile; fileRef = 15DD9CEF29D164250001DD15 /* StatusTVC.swift */; };
		15DD9CF229D164250001DD15 /* StatusTVC.xib in Resources */ = {isa = PBXBuildFile; fileRef = 15DD9CF029D164250001DD15 /* StatusTVC.xib */; };
		15DD9CF429D1E3E90001DD15 /* PDFController.swift in Sources */ = {isa = PBXBuildFile; fileRef = 15DD9CF329D1E3E90001DD15 /* PDFController.swift */; };
		15EEA14C29ADCA67004A830B /* CustomTextField.swift in Sources */ = {isa = PBXBuildFile; fileRef = 15EEA14B29ADCA67004A830B /* CustomTextField.swift */; };
		15EEA14E29ADE193004A830B /* HomePage.storyboard in Resources */ = {isa = PBXBuildFile; fileRef = 15EEA14D29ADE193004A830B /* HomePage.storyboard */; };
		15EEA15029ADE571004A830B /* UserDefaults+Extension.swift in Sources */ = {isa = PBXBuildFile; fileRef = 15EEA14F29ADE571004A830B /* UserDefaults+Extension.swift */; };
		15EEA15229ADE728004A830B /* HomePageController.swift in Sources */ = {isa = PBXBuildFile; fileRef = 15EEA15129ADE728004A830B /* HomePageController.swift */; };
		15EEA15429AF215A004A830B /* ProfileController.swift in Sources */ = {isa = PBXBuildFile; fileRef = 15EEA15329AF215A004A830B /* ProfileController.swift */; };
		15EEA15729AF2951004A830B /* FindClassController.swift in Sources */ = {isa = PBXBuildFile; fileRef = 15EEA15529AF2951004A830B /* FindClassController.swift */; };
		15EEA15A29B1ADE2004A830B /* EmptySpaceController.swift in Sources */ = {isa = PBXBuildFile; fileRef = 15EEA15929B1ADE2004A830B /* EmptySpaceController.swift */; };
		15EEA15C29B1BE7C004A830B /* MakeClassController.swift in Sources */ = {isa = PBXBuildFile; fileRef = 15EEA15B29B1BE7C004A830B /* MakeClassController.swift */; };
		15EEA16329B1C384004A830B /* ClassNameTVC.swift in Sources */ = {isa = PBXBuildFile; fileRef = 15EEA16129B1C384004A830B /* ClassNameTVC.swift */; };
		15EEA16429B1C384004A830B /* ClassNameTVC.xib in Resources */ = {isa = PBXBuildFile; fileRef = 15EEA16229B1C384004A830B /* ClassNameTVC.xib */; };
		15EEA16729B1C4F4004A830B /* ClassDescriptionTVC.swift in Sources */ = {isa = PBXBuildFile; fileRef = 15EEA16529B1C4F4004A830B /* ClassDescriptionTVC.swift */; };
		15EEA16829B1C4F4004A830B /* ClassDescriptionTVC.xib in Resources */ = {isa = PBXBuildFile; fileRef = 15EEA16629B1C4F4004A830B /* ClassDescriptionTVC.xib */; };
		15EEA16B29B4BF6B004A830B /* ClassTVC.swift in Sources */ = {isa = PBXBuildFile; fileRef = 15EEA16929B4BF6B004A830B /* ClassTVC.swift */; };
		15EEA16C29B4BF6B004A830B /* ClassTVC.xib in Resources */ = {isa = PBXBuildFile; fileRef = 15EEA16A29B4BF6B004A830B /* ClassTVC.xib */; };
		15EEA16F29B4C4A2004A830B /* Struct.swift in Sources */ = {isa = PBXBuildFile; fileRef = 15EEA16E29B4C4A2004A830B /* Struct.swift */; };
		15EEA17129B4C99D004A830B /* MuridClassController.swift in Sources */ = {isa = PBXBuildFile; fileRef = 15EEA17029B4C99D004A830B /* MuridClassController.swift */; };
/* End PBXBuildFile section */

/* Begin PBXFileReference section */
		150024BC29E2F266002C4554 /* TesRuleController.swift */ = {isa = PBXFileReference; lastKnownFileType = sourcecode.swift; path = TesRuleController.swift; sourceTree = "<group>"; };
		150024BE29E302C4002C4554 /* DoTesController.swift */ = {isa = PBXFileReference; lastKnownFileType = sourcecode.swift; path = DoTesController.swift; sourceTree = "<group>"; };
		150024C029E44591002C4554 /* TesMuridModel.swift */ = {isa = PBXFileReference; lastKnownFileType = sourcecode.swift; path = TesMuridModel.swift; sourceTree = "<group>"; };
		150024C229E680EE002C4554 /* TimerTVC.swift */ = {isa = PBXFileReference; lastKnownFileType = sourcecode.swift; path = TimerTVC.swift; sourceTree = "<group>"; };
		150024C329E680EE002C4554 /* TimerTVC.xib */ = {isa = PBXFileReference; lastKnownFileType = file.xib; path = TimerTVC.xib; sourceTree = "<group>"; };
		150024C629E7020B002C4554 /* EmptySpaceTugasController.swift */ = {isa = PBXFileReference; lastKnownFileType = sourcecode.swift; path = EmptySpaceTugasController.swift; sourceTree = "<group>"; };
		150024C829E703CE002C4554 /* EmptySpaceTesController.swift */ = {isa = PBXFileReference; lastKnownFileType = sourcecode.swift; path = EmptySpaceTesController.swift; sourceTree = "<group>"; };
		1517676829DE85F400294010 /* InputTesController.swift */ = {isa = PBXFileReference; lastKnownFileType = sourcecode.swift; path = InputTesController.swift; sourceTree = "<group>"; };
		1517676B29DE872200294010 /* TesNameTVC.swift */ = {isa = PBXFileReference; lastKnownFileType = sourcecode.swift; path = TesNameTVC.swift; sourceTree = "<group>"; };
		1517676C29DE872200294010 /* TesNameTVC.xib */ = {isa = PBXFileReference; lastKnownFileType = file.xib; path = TesNameTVC.xib; sourceTree = "<group>"; };
		1517676F29DE873900294010 /* TesDescriptionTVC.swift */ = {isa = PBXFileReference; lastKnownFileType = sourcecode.swift; path = TesDescriptionTVC.swift; sourceTree = "<group>"; };
		1517677029DE873900294010 /* TesDescriptionTVC.xib */ = {isa = PBXFileReference; lastKnownFileType = file.xib; path = TesDescriptionTVC.xib; sourceTree = "<group>"; };
		1517677329DE92C400294010 /* TesModel.swift */ = {isa = PBXFileReference; lastKnownFileType = sourcecode.swift; path = TesModel.swift; sourceTree = "<group>"; };
		1517677929DE986100294010 /* TesTVC.swift */ = {isa = PBXFileReference; lastKnownFileType = sourcecode.swift; path = TesTVC.swift; sourceTree = "<group>"; };
		1517677A29DE986100294010 /* TesTVC.xib */ = {isa = PBXFileReference; lastKnownFileType = file.xib; path = TesTVC.xib; sourceTree = "<group>"; };
		1517677D29DEAF5200294010 /* SoalController.swift */ = {isa = PBXFileReference; lastKnownFileType = sourcecode.swift; path = SoalController.swift; sourceTree = "<group>"; };
		1517677F29DEC91700294010 /* EmptySpaceSoalController.swift */ = {isa = PBXFileReference; lastKnownFileType = sourcecode.swift; path = EmptySpaceSoalController.swift; sourceTree = "<group>"; };
		1517678129DF129C00294010 /* MakeSoalController.swift */ = {isa = PBXFileReference; lastKnownFileType = sourcecode.swift; path = MakeSoalController.swift; sourceTree = "<group>"; };
		1517678429DF13A800294010 /* QuestionTVC.swift */ = {isa = PBXFileReference; lastKnownFileType = sourcecode.swift; path = QuestionTVC.swift; sourceTree = "<group>"; };
		1517678529DF13A800294010 /* QuestionTVC.xib */ = {isa = PBXFileReference; lastKnownFileType = file.xib; path = QuestionTVC.xib; sourceTree = "<group>"; };
		1517678829DF13C000294010 /* AnswerATVC.swift */ = {isa = PBXFileReference; lastKnownFileType = sourcecode.swift; path = AnswerATVC.swift; sourceTree = "<group>"; };
		1517678929DF13C000294010 /* AnswerATVC.xib */ = {isa = PBXFileReference; lastKnownFileType = file.xib; path = AnswerATVC.xib; sourceTree = "<group>"; };
		1517678C29DF13CF00294010 /* AnswerBTVC.swift */ = {isa = PBXFileReference; lastKnownFileType = sourcecode.swift; path = AnswerBTVC.swift; sourceTree = "<group>"; };
		1517678D29DF13CF00294010 /* AnswerBTVC.xib */ = {isa = PBXFileReference; lastKnownFileType = file.xib; path = AnswerBTVC.xib; sourceTree = "<group>"; };
		1517679029DF13DB00294010 /* AnswerCTVC.swift */ = {isa = PBXFileReference; lastKnownFileType = sourcecode.swift; path = AnswerCTVC.swift; sourceTree = "<group>"; };
		1517679129DF13DB00294010 /* AnswerCTVC.xib */ = {isa = PBXFileReference; lastKnownFileType = file.xib; path = AnswerCTVC.xib; sourceTree = "<group>"; };
		1517679429DF13E700294010 /* AnswerDTVC.swift */ = {isa = PBXFileReference; lastKnownFileType = sourcecode.swift; path = AnswerDTVC.swift; sourceTree = "<group>"; };
		1517679529DF13E700294010 /* AnswerDTVC.xib */ = {isa = PBXFileReference; lastKnownFileType = file.xib; path = AnswerDTVC.xib; sourceTree = "<group>"; };
		1517679829DF13FC00294010 /* CorrectAnswerTVC.swift */ = {isa = PBXFileReference; lastKnownFileType = sourcecode.swift; path = CorrectAnswerTVC.swift; sourceTree = "<group>"; };
		1517679929DF13FC00294010 /* CorrectAnswerTVC.xib */ = {isa = PBXFileReference; lastKnownFileType = file.xib; path = CorrectAnswerTVC.xib; sourceTree = "<group>"; };
		1517679C29DFF6B400294010 /* SoalModel.swift */ = {isa = PBXFileReference; lastKnownFileType = sourcecode.swift; path = SoalModel.swift; sourceTree = "<group>"; };
		1517679F29DFF82800294010 /* SoalTVC.swift */ = {isa = PBXFileReference; lastKnownFileType = sourcecode.swift; path = SoalTVC.swift; sourceTree = "<group>"; };
		151767A029DFF82800294010 /* SoalTVC.xib */ = {isa = PBXFileReference; lastKnownFileType = file.xib; path = SoalTVC.xib; sourceTree = "<group>"; };
		151767A529E149C400294010 /* KumpulanTesController.swift */ = {isa = PBXFileReference; lastKnownFileType = sourcecode.swift; path = KumpulanTesController.swift; sourceTree = "<group>"; };
		151767A829E14B0600294010 /* KumpulanTesTVC.swift */ = {isa = PBXFileReference; lastKnownFileType = sourcecode.swift; path = KumpulanTesTVC.swift; sourceTree = "<group>"; };
		154862BF29B5CDA3001B90DE /* GuruClassController.swift */ = {isa = PBXFileReference; lastKnownFileType = sourcecode.swift; path = GuruClassController.swift; sourceTree = "<group>"; };
		154862C229B5DA53001B90DE /* ModulTVC.swift */ = {isa = PBXFileReference; lastKnownFileType = sourcecode.swift; path = ModulTVC.swift; sourceTree = "<group>"; };
		154862C329B5DA53001B90DE /* ModulTVC.xib */ = {isa = PBXFileReference; lastKnownFileType = file.xib; path = ModulTVC.xib; sourceTree = "<group>"; };
		154862C629B5DA62001B90DE /* TugasTVC.swift */ = {isa = PBXFileReference; lastKnownFileType = sourcecode.swift; path = TugasTVC.swift; sourceTree = "<group>"; };
		154862C729B5DA62001B90DE /* TugasTVC.xib */ = {isa = PBXFileReference; lastKnownFileType = file.xib; path = TugasTVC.xib; sourceTree = "<group>"; };
		154862CA29B70C3F001B90DE /* ModulController.swift */ = {isa = PBXFileReference; lastKnownFileType = sourcecode.swift; path = ModulController.swift; sourceTree = "<group>"; };
		154862CD29B711AF001B90DE /* ModulNameTVC.swift */ = {isa = PBXFileReference; lastKnownFileType = sourcecode.swift; path = ModulNameTVC.swift; sourceTree = "<group>"; };
		154862CE29B711AF001B90DE /* ModulNameTVC.xib */ = {isa = PBXFileReference; lastKnownFileType = file.xib; path = ModulNameTVC.xib; sourceTree = "<group>"; };
		154862D129B711C3001B90DE /* ModulDescriptionTVC.swift */ = {isa = PBXFileReference; lastKnownFileType = sourcecode.swift; path = ModulDescriptionTVC.swift; sourceTree = "<group>"; };
		154862D229B711C3001B90DE /* ModulDescriptionTVC.xib */ = {isa = PBXFileReference; lastKnownFileType = file.xib; path = ModulDescriptionTVC.xib; sourceTree = "<group>"; };
		154862D529B711D4001B90DE /* UploadTVC.swift */ = {isa = PBXFileReference; lastKnownFileType = sourcecode.swift; path = UploadTVC.swift; sourceTree = "<group>"; };
		154862D629B711D4001B90DE /* UploadTVC.xib */ = {isa = PBXFileReference; lastKnownFileType = file.xib; path = UploadTVC.xib; sourceTree = "<group>"; };
		154862D929B72958001B90DE /* TugasController.swift */ = {isa = PBXFileReference; lastKnownFileType = sourcecode.swift; path = TugasController.swift; sourceTree = "<group>"; };
		154862E029B72BF7001B90DE /* TugasDescriptionTVC.swift */ = {isa = PBXFileReference; lastKnownFileType = sourcecode.swift; path = TugasDescriptionTVC.swift; sourceTree = "<group>"; };
		154862E129B72BF7001B90DE /* TugasDescriptionTVC.xib */ = {isa = PBXFileReference; lastKnownFileType = file.xib; path = TugasDescriptionTVC.xib; sourceTree = "<group>"; };
		154862E429B72C09001B90DE /* TugasNameTVC.swift */ = {isa = PBXFileReference; lastKnownFileType = sourcecode.swift; path = TugasNameTVC.swift; sourceTree = "<group>"; };
		154862E529B72C0A001B90DE /* TugasNameTVC.xib */ = {isa = PBXFileReference; lastKnownFileType = file.xib; path = TugasNameTVC.xib; sourceTree = "<group>"; };
		154862E829B99DFC001B90DE /* KumpulanTugasController.swift */ = {isa = PBXFileReference; lastKnownFileType = sourcecode.swift; path = KumpulanTugasController.swift; sourceTree = "<group>"; };
		154862EB29B9A274001B90DE /* KumpulanTugasTVC.swift */ = {isa = PBXFileReference; lastKnownFileType = sourcecode.swift; path = KumpulanTugasTVC.swift; sourceTree = "<group>"; };
		1559C57229BDB8880006CA4F /* ExpandableTVC.swift */ = {isa = PBXFileReference; lastKnownFileType = sourcecode.swift; path = ExpandableTVC.swift; sourceTree = "<group>"; };
		1559C57329BDB8880006CA4F /* ExpandableTVC.xib */ = {isa = PBXFileReference; lastKnownFileType = file.xib; path = ExpandableTVC.xib; sourceTree = "<group>"; };
		1559C57629BDC9870006CA4F /* InputTugasController.swift */ = {isa = PBXFileReference; lastKnownFileType = sourcecode.swift; path = InputTugasController.swift; sourceTree = "<group>"; };
		1559C57929BFB3EC0006CA4F /* DeskripsiTugasTVC.swift */ = {isa = PBXFileReference; lastKnownFileType = sourcecode.swift; path = DeskripsiTugasTVC.swift; sourceTree = "<group>"; };
		1559C57A29BFB3EC0006CA4F /* DeskripsiTugasTVC.xib */ = {isa = PBXFileReference; lastKnownFileType = file.xib; path = DeskripsiTugasTVC.xib; sourceTree = "<group>"; };
		1559C57D29BFB3FC0006CA4F /* PengumpulanTugasTVC.swift */ = {isa = PBXFileReference; lastKnownFileType = sourcecode.swift; path = PengumpulanTugasTVC.swift; sourceTree = "<group>"; };
		1559C57E29BFB3FC0006CA4F /* PengumpulanTugasTVC.xib */ = {isa = PBXFileReference; lastKnownFileType = file.xib; path = PengumpulanTugasTVC.xib; sourceTree = "<group>"; };
		1559C58129C20FED0006CA4F /* GoogleService-Info.plist */ = {isa = PBXFileReference; fileEncoding = 4; lastKnownFileType = text.plist.xml; path = "GoogleService-Info.plist"; sourceTree = "<group>"; };
		1559C58329C32A0C0006CA4F /* UserModel.swift */ = {isa = PBXFileReference; lastKnownFileType = sourcecode.swift; path = UserModel.swift; sourceTree = "<group>"; };
		1559C58529C347610006CA4F /* ClassModel.swift */ = {isa = PBXFileReference; lastKnownFileType = sourcecode.swift; path = ClassModel.swift; sourceTree = "<group>"; };
		1559C58729CDDD6D0006CA4F /* EmptySpaceGuruController.swift */ = {isa = PBXFileReference; lastKnownFileType = sourcecode.swift; path = EmptySpaceGuruController.swift; sourceTree = "<group>"; };
		1559C58929CDE07C0006CA4F /* ModulModel.swift */ = {isa = PBXFileReference; lastKnownFileType = sourcecode.swift; path = ModulModel.swift; sourceTree = "<group>"; };
		1559C58B29CE08360006CA4F /* EmptySpaceFindController.swift */ = {isa = PBXFileReference; lastKnownFileType = sourcecode.swift; path = EmptySpaceFindController.swift; sourceTree = "<group>"; };
		1587B02B29AC71B6007229DB /* Edunity.app */ = {isa = PBXFileReference; explicitFileType = wrapper.application; includeInIndex = 0; path = Edunity.app; sourceTree = BUILT_PRODUCTS_DIR; };
		1587B02E29AC71B6007229DB /* AppDelegate.swift */ = {isa = PBXFileReference; lastKnownFileType = sourcecode.swift; path = AppDelegate.swift; sourceTree = "<group>"; };
		1587B03029AC71B6007229DB /* SceneDelegate.swift */ = {isa = PBXFileReference; lastKnownFileType = sourcecode.swift; path = SceneDelegate.swift; sourceTree = "<group>"; };
		1587B03229AC71B6007229DB /* ViewController.swift */ = {isa = PBXFileReference; lastKnownFileType = sourcecode.swift; path = ViewController.swift; sourceTree = "<group>"; };
		1587B03529AC71B6007229DB /* Base */ = {isa = PBXFileReference; lastKnownFileType = file.storyboard; name = Base; path = Base.lproj/Main.storyboard; sourceTree = "<group>"; };
		1587B03729AC71B7007229DB /* Assets.xcassets */ = {isa = PBXFileReference; lastKnownFileType = folder.assetcatalog; path = Assets.xcassets; sourceTree = "<group>"; };
		1587B03A29AC71B7007229DB /* Base */ = {isa = PBXFileReference; lastKnownFileType = file.storyboard; name = Base; path = Base.lproj/LaunchScreen.storyboard; sourceTree = "<group>"; };
		1587B03C29AC71B7007229DB /* Info.plist */ = {isa = PBXFileReference; lastKnownFileType = text.plist.xml; path = Info.plist; sourceTree = "<group>"; };
		1587B04629AC72E6007229DB /* UIView+Extension.swift */ = {isa = PBXFileReference; lastKnownFileType = sourcecode.swift; path = "UIView+Extension.swift"; sourceTree = "<group>"; };
		1587B04F29AC7385007229DB /* OnBoardingController.swift */ = {isa = PBXFileReference; lastKnownFileType = sourcecode.swift; path = OnBoardingController.swift; sourceTree = "<group>"; };
		1587B05129AC7390007229DB /* LoginController.swift */ = {isa = PBXFileReference; lastKnownFileType = sourcecode.swift; path = LoginController.swift; sourceTree = "<group>"; };
		1587B05329AC739A007229DB /* RegisterController.swift */ = {isa = PBXFileReference; lastKnownFileType = sourcecode.swift; path = RegisterController.swift; sourceTree = "<group>"; };
		1587B05529AC7496007229DB /* Onboarding.swift */ = {isa = PBXFileReference; lastKnownFileType = sourcecode.swift; path = Onboarding.swift; sourceTree = "<group>"; };
		159FD2F829ACDF84000DFC26 /* OnboardingCell.swift */ = {isa = PBXFileReference; lastKnownFileType = sourcecode.swift; path = OnboardingCell.swift; sourceTree = "<group>"; };
		159FD2FC29ADB0A6000DFC26 /* Register.storyboard */ = {isa = PBXFileReference; lastKnownFileType = file.storyboard; path = Register.storyboard; sourceTree = "<group>"; };
		159FD2FE29ADB0B0000DFC26 /* Login.storyboard */ = {isa = PBXFileReference; lastKnownFileType = file.storyboard; path = Login.storyboard; sourceTree = "<group>"; };
		15DD9CEF29D164250001DD15 /* StatusTVC.swift */ = {isa = PBXFileReference; lastKnownFileType = sourcecode.swift; path = StatusTVC.swift; sourceTree = "<group>"; };
		15DD9CF029D164250001DD15 /* StatusTVC.xib */ = {isa = PBXFileReference; lastKnownFileType = file.xib; path = StatusTVC.xib; sourceTree = "<group>"; };
		15DD9CF329D1E3E90001DD15 /* PDFController.swift */ = {isa = PBXFileReference; lastKnownFileType = sourcecode.swift; path = PDFController.swift; sourceTree = "<group>"; };
		15EEA14B29ADCA67004A830B /* CustomTextField.swift */ = {isa = PBXFileReference; lastKnownFileType = sourcecode.swift; path = CustomTextField.swift; sourceTree = "<group>"; };
		15EEA14D29ADE193004A830B /* HomePage.storyboard */ = {isa = PBXFileReference; lastKnownFileType = file.storyboard; path = HomePage.storyboard; sourceTree = "<group>"; };
		15EEA14F29ADE571004A830B /* UserDefaults+Extension.swift */ = {isa = PBXFileReference; lastKnownFileType = sourcecode.swift; path = "UserDefaults+Extension.swift"; sourceTree = "<group>"; };
		15EEA15129ADE728004A830B /* HomePageController.swift */ = {isa = PBXFileReference; lastKnownFileType = sourcecode.swift; path = HomePageController.swift; sourceTree = "<group>"; };
		15EEA15329AF215A004A830B /* ProfileController.swift */ = {isa = PBXFileReference; lastKnownFileType = sourcecode.swift; path = ProfileController.swift; sourceTree = "<group>"; };
		15EEA15529AF2951004A830B /* FindClassController.swift */ = {isa = PBXFileReference; lastKnownFileType = sourcecode.swift; path = FindClassController.swift; sourceTree = "<group>"; };
		15EEA15929B1ADE2004A830B /* EmptySpaceController.swift */ = {isa = PBXFileReference; lastKnownFileType = sourcecode.swift; path = EmptySpaceController.swift; sourceTree = "<group>"; };
		15EEA15B29B1BE7C004A830B /* MakeClassController.swift */ = {isa = PBXFileReference; lastKnownFileType = sourcecode.swift; path = MakeClassController.swift; sourceTree = "<group>"; };
		15EEA16129B1C384004A830B /* ClassNameTVC.swift */ = {isa = PBXFileReference; lastKnownFileType = sourcecode.swift; path = ClassNameTVC.swift; sourceTree = "<group>"; };
		15EEA16229B1C384004A830B /* ClassNameTVC.xib */ = {isa = PBXFileReference; lastKnownFileType = file.xib; path = ClassNameTVC.xib; sourceTree = "<group>"; };
		15EEA16529B1C4F4004A830B /* ClassDescriptionTVC.swift */ = {isa = PBXFileReference; lastKnownFileType = sourcecode.swift; path = ClassDescriptionTVC.swift; sourceTree = "<group>"; };
		15EEA16629B1C4F4004A830B /* ClassDescriptionTVC.xib */ = {isa = PBXFileReference; lastKnownFileType = file.xib; path = ClassDescriptionTVC.xib; sourceTree = "<group>"; };
		15EEA16929B4BF6B004A830B /* ClassTVC.swift */ = {isa = PBXFileReference; lastKnownFileType = sourcecode.swift; path = ClassTVC.swift; sourceTree = "<group>"; };
		15EEA16A29B4BF6B004A830B /* ClassTVC.xib */ = {isa = PBXFileReference; lastKnownFileType = file.xib; path = ClassTVC.xib; sourceTree = "<group>"; };
		15EEA16E29B4C4A2004A830B /* Struct.swift */ = {isa = PBXFileReference; lastKnownFileType = sourcecode.swift; path = Struct.swift; sourceTree = "<group>"; };
		15EEA17029B4C99D004A830B /* MuridClassController.swift */ = {isa = PBXFileReference; lastKnownFileType = sourcecode.swift; path = MuridClassController.swift; sourceTree = "<group>"; };
		49F2C4256FF4FD4845F2274C /* Pods-skripsi.debug.xcconfig */ = {isa = PBXFileReference; includeInIndex = 1; lastKnownFileType = text.xcconfig; name = "Pods-skripsi.debug.xcconfig"; path = "Target Support Files/Pods-skripsi/Pods-skripsi.debug.xcconfig"; sourceTree = "<group>"; };
		AA0B46150E533D96FB1DBEAB /* Pods-skripsi.release.xcconfig */ = {isa = PBXFileReference; includeInIndex = 1; lastKnownFileType = text.xcconfig; name = "Pods-skripsi.release.xcconfig"; path = "Target Support Files/Pods-skripsi/Pods-skripsi.release.xcconfig"; sourceTree = "<group>"; };
		AC8E43BC10F6D2B20B573DF0 /* Pods_skripsi.framework */ = {isa = PBXFileReference; explicitFileType = wrapper.framework; includeInIndex = 0; path = Pods_skripsi.framework; sourceTree = BUILT_PRODUCTS_DIR; };
/* End PBXFileReference section */

/* Begin PBXFrameworksBuildPhase section */
		1587B02829AC71B6007229DB /* Frameworks */ = {
			isa = PBXFrameworksBuildPhase;
			buildActionMask = 2147483647;
			files = (
				09C2E8227A6439394E2912E6 /* Pods_skripsi.framework in Frameworks */,
			);
			runOnlyForDeploymentPostprocessing = 0;
		};
/* End PBXFrameworksBuildPhase section */

/* Begin PBXGroup section */
		1517676A29DE86DF00294010 /* Tes Class */ = {
			isa = PBXGroup;
			children = (
				1517676B29DE872200294010 /* TesNameTVC.swift */,
				1517676C29DE872200294010 /* TesNameTVC.xib */,
				1517676F29DE873900294010 /* TesDescriptionTVC.swift */,
				1517677029DE873900294010 /* TesDescriptionTVC.xib */,
				150024C229E680EE002C4554 /* TimerTVC.swift */,
				150024C329E680EE002C4554 /* TimerTVC.xib */,
			);
			path = "Tes Class";
			sourceTree = "<group>";
		};
		1517678329DF137C00294010 /* Soal Class */ = {
			isa = PBXGroup;
			children = (
				1517678429DF13A800294010 /* QuestionTVC.swift */,
				1517678529DF13A800294010 /* QuestionTVC.xib */,
				1517678829DF13C000294010 /* AnswerATVC.swift */,
				1517678929DF13C000294010 /* AnswerATVC.xib */,
				1517678C29DF13CF00294010 /* AnswerBTVC.swift */,
				1517678D29DF13CF00294010 /* AnswerBTVC.xib */,
				1517679029DF13DB00294010 /* AnswerCTVC.swift */,
				1517679129DF13DB00294010 /* AnswerCTVC.xib */,
				1517679429DF13E700294010 /* AnswerDTVC.swift */,
				1517679529DF13E700294010 /* AnswerDTVC.xib */,
				1517679829DF13FC00294010 /* CorrectAnswerTVC.swift */,
				1517679929DF13FC00294010 /* CorrectAnswerTVC.xib */,
			);
			path = "Soal Class";
			sourceTree = "<group>";
		};
		1517679E29DFF7F500294010 /* Make Class */ = {
			isa = PBXGroup;
			children = (
				1517678329DF137C00294010 /* Soal Class */,
				1517676A29DE86DF00294010 /* Tes Class */,
				1517679F29DFF82800294010 /* SoalTVC.swift */,
				151767A029DFF82800294010 /* SoalTVC.xib */,
			);
			path = "Make Class";
			sourceTree = "<group>";
		};
		151767A729E14AF100294010 /* Kumpulan Tes Class */ = {
			isa = PBXGroup;
			children = (
				151767A829E14B0600294010 /* KumpulanTesTVC.swift */,
			);
			path = "Kumpulan Tes Class";
			sourceTree = "<group>";
		};
		154862C129B5DA36001B90DE /* Guru Class */ = {
			isa = PBXGroup;
			children = (
				151767A729E14AF100294010 /* Kumpulan Tes Class */,
				1517679E29DFF7F500294010 /* Make Class */,
				154862EA29B9A24B001B90DE /* Kumpulan Tugas Class */,
				154862DB29B72BC0001B90DE /* Tugas Class */,
				154862C229B5DA53001B90DE /* ModulTVC.swift */,
				154862C329B5DA53001B90DE /* ModulTVC.xib */,
				154862C629B5DA62001B90DE /* TugasTVC.swift */,
				154862C729B5DA62001B90DE /* TugasTVC.xib */,
				1517677929DE986100294010 /* TesTVC.swift */,
				1517677A29DE986100294010 /* TesTVC.xib */,
				154862CC29B71172001B90DE /* Modul Class */,
			);
			path = "Guru Class";
			sourceTree = "<group>";
		};
		154862CC29B71172001B90DE /* Modul Class */ = {
			isa = PBXGroup;
			children = (
				154862CD29B711AF001B90DE /* ModulNameTVC.swift */,
				154862CE29B711AF001B90DE /* ModulNameTVC.xib */,
				154862D129B711C3001B90DE /* ModulDescriptionTVC.swift */,
				154862D229B711C3001B90DE /* ModulDescriptionTVC.xib */,
				154862D529B711D4001B90DE /* UploadTVC.swift */,
				154862D629B711D4001B90DE /* UploadTVC.xib */,
			);
			path = "Modul Class";
			sourceTree = "<group>";
		};
		154862DB29B72BC0001B90DE /* Tugas Class */ = {
			isa = PBXGroup;
			children = (
				154862E429B72C09001B90DE /* TugasNameTVC.swift */,
				154862E529B72C0A001B90DE /* TugasNameTVC.xib */,
				154862E029B72BF7001B90DE /* TugasDescriptionTVC.swift */,
				154862E129B72BF7001B90DE /* TugasDescriptionTVC.xib */,
			);
			path = "Tugas Class";
			sourceTree = "<group>";
		};
		154862EA29B9A24B001B90DE /* Kumpulan Tugas Class */ = {
			isa = PBXGroup;
			children = (
				154862EB29B9A274001B90DE /* KumpulanTugasTVC.swift */,
			);
			path = "Kumpulan Tugas Class";
			sourceTree = "<group>";
		};
		1559C57129BDB8610006CA4F /* Murid Class */ = {
			isa = PBXGroup;
			children = (
				1559C57829BFB3C00006CA4F /* Tugas Murid Class */,
				1559C57229BDB8880006CA4F /* ExpandableTVC.swift */,
				1559C57329BDB8880006CA4F /* ExpandableTVC.xib */,
			);
			path = "Murid Class";
			sourceTree = "<group>";
		};
		1559C57829BFB3C00006CA4F /* Tugas Murid Class */ = {
			isa = PBXGroup;
			children = (
				1559C57929BFB3EC0006CA4F /* DeskripsiTugasTVC.swift */,
				1559C57A29BFB3EC0006CA4F /* DeskripsiTugasTVC.xib */,
				1559C57D29BFB3FC0006CA4F /* PengumpulanTugasTVC.swift */,
				1559C57E29BFB3FC0006CA4F /* PengumpulanTugasTVC.xib */,
				15DD9CEF29D164250001DD15 /* StatusTVC.swift */,
				15DD9CF029D164250001DD15 /* StatusTVC.xib */,
			);
			path = "Tugas Murid Class";
			sourceTree = "<group>";
		};
		1587B02229AC71B6007229DB = {
			isa = PBXGroup;
			children = (
				1587B02D29AC71B6007229DB /* Edunity */,
				1587B02C29AC71B6007229DB /* Products */,
				5E2445BB402EF80D185A83AB /* Pods */,
				7867D5463E9B84AA7242F3E1 /* Frameworks */,
			);
			sourceTree = "<group>";
		};
		1587B02C29AC71B6007229DB /* Products */ = {
			isa = PBXGroup;
			children = (
				1587B02B29AC71B6007229DB /* Edunity.app */,
			);
			name = Products;
			sourceTree = "<group>";
		};
		1587B02D29AC71B6007229DB /* Edunity */ = {
			isa = PBXGroup;
			children = (
				1587B04229AC7283007229DB /* Models */,
				1587B04329AC728C007229DB /* Views */,
				1587B04A29AC7339007229DB /* Controllers */,
				1587B04529AC729E007229DB /* Supporting */,
				1587B04429AC729A007229DB /* Extensions */,
				1587B03229AC71B6007229DB /* ViewController.swift */,
				1587B03929AC71B7007229DB /* LaunchScreen.storyboard */,
				1559C58129C20FED0006CA4F /* GoogleService-Info.plist */,
				1587B03C29AC71B7007229DB /* Info.plist */,
			);
			path = Edunity;
			sourceTree = "<group>";
		};
		1587B04229AC7283007229DB /* Models */ = {
			isa = PBXGroup;
			children = (
				1587B05529AC7496007229DB /* Onboarding.swift */,
				15EEA16E29B4C4A2004A830B /* Struct.swift */,
				1559C58329C32A0C0006CA4F /* UserModel.swift */,
				1559C58529C347610006CA4F /* ClassModel.swift */,
				1559C58929CDE07C0006CA4F /* ModulModel.swift */,
				1517677329DE92C400294010 /* TesModel.swift */,
				1517679C29DFF6B400294010 /* SoalModel.swift */,
				150024C029E44591002C4554 /* TesMuridModel.swift */,
			);
			path = Models;
			sourceTree = "<group>";
		};
		1587B04329AC728C007229DB /* Views */ = {
			isa = PBXGroup;
			children = (
				15EEA15D29B1C2E3004A830B /* TableViewCells */,
				159FD2F729ACDF5D000DFC26 /* CustomViews */,
				1587B03429AC71B6007229DB /* Main.storyboard */,
				159FD2FC29ADB0A6000DFC26 /* Register.storyboard */,
				159FD2FE29ADB0B0000DFC26 /* Login.storyboard */,
				15EEA14D29ADE193004A830B /* HomePage.storyboard */,
			);
			path = Views;
			sourceTree = "<group>";
		};
		1587B04429AC729A007229DB /* Extensions */ = {
			isa = PBXGroup;
			children = (
				1587B04629AC72E6007229DB /* UIView+Extension.swift */,
				15EEA14F29ADE571004A830B /* UserDefaults+Extension.swift */,
			);
			path = Extensions;
			sourceTree = "<group>";
		};
		1587B04529AC729E007229DB /* Supporting */ = {
			isa = PBXGroup;
			children = (
				1587B02E29AC71B6007229DB /* AppDelegate.swift */,
				1587B03029AC71B6007229DB /* SceneDelegate.swift */,
				1587B03729AC71B7007229DB /* Assets.xcassets */,
			);
			path = Supporting;
			sourceTree = "<group>";
		};
		1587B04A29AC7339007229DB /* Controllers */ = {
			isa = PBXGroup;
			children = (
				1587B04F29AC7385007229DB /* OnBoardingController.swift */,
				1587B05129AC7390007229DB /* LoginController.swift */,
				1587B05329AC739A007229DB /* RegisterController.swift */,
				15EEA15129ADE728004A830B /* HomePageController.swift */,
				15EEA15929B1ADE2004A830B /* EmptySpaceController.swift */,
				1559C58729CDDD6D0006CA4F /* EmptySpaceGuruController.swift */,
				1559C58B29CE08360006CA4F /* EmptySpaceFindController.swift */,
				150024C629E7020B002C4554 /* EmptySpaceTugasController.swift */,
				150024C829E703CE002C4554 /* EmptySpaceTesController.swift */,
				1517677F29DEC91700294010 /* EmptySpaceSoalController.swift */,
				15EEA15329AF215A004A830B /* ProfileController.swift */,
				15EEA15529AF2951004A830B /* FindClassController.swift */,
				15EEA15B29B1BE7C004A830B /* MakeClassController.swift */,
				154862BF29B5CDA3001B90DE /* GuruClassController.swift */,
				15EEA17029B4C99D004A830B /* MuridClassController.swift */,
				154862CA29B70C3F001B90DE /* ModulController.swift */,
				154862D929B72958001B90DE /* TugasController.swift */,
				154862E829B99DFC001B90DE /* KumpulanTugasController.swift */,
				1559C57629BDC9870006CA4F /* InputTugasController.swift */,
				15DD9CF329D1E3E90001DD15 /* PDFController.swift */,
				1517676829DE85F400294010 /* InputTesController.swift */,
				1517677D29DEAF5200294010 /* SoalController.swift */,
				1517678129DF129C00294010 /* MakeSoalController.swift */,
				151767A529E149C400294010 /* KumpulanTesController.swift */,
				150024BC29E2F266002C4554 /* TesRuleController.swift */,
				150024BE29E302C4002C4554 /* DoTesController.swift */,
			);
			path = Controllers;
			sourceTree = "<group>";
		};
		159FD2F729ACDF5D000DFC26 /* CustomViews */ = {
			isa = PBXGroup;
			children = (
				159FD2F829ACDF84000DFC26 /* OnboardingCell.swift */,
				15EEA14B29ADCA67004A830B /* CustomTextField.swift */,
			);
			path = CustomViews;
			sourceTree = "<group>";
		};
		15EEA15D29B1C2E3004A830B /* TableViewCells */ = {
			isa = PBXGroup;
			children = (
				1559C57129BDB8610006CA4F /* Murid Class */,
				154862C129B5DA36001B90DE /* Guru Class */,
				15EEA16D29B4BF75004A830B /* Class */,
				15EEA16029B1C367004A830B /* Make Class */,
			);
			path = TableViewCells;
			sourceTree = "<group>";
		};
		15EEA16029B1C367004A830B /* Make Class */ = {
			isa = PBXGroup;
			children = (
				15EEA16129B1C384004A830B /* ClassNameTVC.swift */,
				15EEA16229B1C384004A830B /* ClassNameTVC.xib */,
				15EEA16529B1C4F4004A830B /* ClassDescriptionTVC.swift */,
				15EEA16629B1C4F4004A830B /* ClassDescriptionTVC.xib */,
			);
			path = "Make Class";
			sourceTree = "<group>";
		};
		15EEA16D29B4BF75004A830B /* Class */ = {
			isa = PBXGroup;
			children = (
				15EEA16929B4BF6B004A830B /* ClassTVC.swift */,
				15EEA16A29B4BF6B004A830B /* ClassTVC.xib */,
			);
			path = Class;
			sourceTree = "<group>";
		};
		5E2445BB402EF80D185A83AB /* Pods */ = {
			isa = PBXGroup;
			children = (
				49F2C4256FF4FD4845F2274C /* Pods-skripsi.debug.xcconfig */,
				AA0B46150E533D96FB1DBEAB /* Pods-skripsi.release.xcconfig */,
			);
			path = Pods;
			sourceTree = "<group>";
		};
		7867D5463E9B84AA7242F3E1 /* Frameworks */ = {
			isa = PBXGroup;
			children = (
				AC8E43BC10F6D2B20B573DF0 /* Pods_skripsi.framework */,
			);
			name = Frameworks;
			sourceTree = "<group>";
		};
/* End PBXGroup section */

/* Begin PBXNativeTarget section */
		1587B02A29AC71B6007229DB /* skripsi */ = {
			isa = PBXNativeTarget;
			buildConfigurationList = 1587B03F29AC71B7007229DB /* Build configuration list for PBXNativeTarget "skripsi" */;
			buildPhases = (
				DB8025B8D8167B19420D97C4 /* [CP] Check Pods Manifest.lock */,
				1587B02729AC71B6007229DB /* Sources */,
				1587B02829AC71B6007229DB /* Frameworks */,
				1587B02929AC71B6007229DB /* Resources */,
				BE803EF709AE058D544D658D /* [CP] Embed Pods Frameworks */,
			);
			buildRules = (
			);
			dependencies = (
			);
			name = skripsi;
			productName = skripsi;
			productReference = 1587B02B29AC71B6007229DB /* Edunity.app */;
			productType = "com.apple.product-type.application";
		};
/* End PBXNativeTarget section */

/* Begin PBXProject section */
		1587B02329AC71B6007229DB /* Project object */ = {
			isa = PBXProject;
			attributes = {
				BuildIndependentTargetsInParallel = 1;
				LastSwiftUpdateCheck = 1400;
				LastUpgradeCheck = 1400;
				TargetAttributes = {
					1587B02A29AC71B6007229DB = {
						CreatedOnToolsVersion = 14.0.1;
					};
				};
			};
			buildConfigurationList = 1587B02629AC71B6007229DB /* Build configuration list for PBXProject "Edunity" */;
			compatibilityVersion = "Xcode 13.0";
			developmentRegion = en;
			hasScannedForEncodings = 0;
			knownRegions = (
				en,
				Base,
			);
			mainGroup = 1587B02229AC71B6007229DB;
			productRefGroup = 1587B02C29AC71B6007229DB /* Products */;
			projectDirPath = "";
			projectRoot = "";
			targets = (
				1587B02A29AC71B6007229DB /* skripsi */,
			);
		};
/* End PBXProject section */

/* Begin PBXResourcesBuildPhase section */
		1587B02929AC71B6007229DB /* Resources */ = {
			isa = PBXResourcesBuildPhase;
			buildActionMask = 2147483647;
			files = (
				154862D829B711D4001B90DE /* UploadTVC.xib in Resources */,
				1587B03B29AC71B7007229DB /* LaunchScreen.storyboard in Resources */,
				154862C529B5DA53001B90DE /* ModulTVC.xib in Resources */,
				151767A229DFF82800294010 /* SoalTVC.xib in Resources */,
				1559C57C29BFB3EC0006CA4F /* DeskripsiTugasTVC.xib in Resources */,
				154862E729B72C0A001B90DE /* TugasNameTVC.xib in Resources */,
				1587B03829AC71B7007229DB /* Assets.xcassets in Resources */,
				1517678F29DF13CF00294010 /* AnswerBTVC.xib in Resources */,
				15EEA14E29ADE193004A830B /* HomePage.storyboard in Resources */,
				1517679729DF13E700294010 /* AnswerDTVC.xib in Resources */,
				1587B03629AC71B6007229DB /* Main.storyboard in Resources */,
				150024C529E680EE002C4554 /* TimerTVC.xib in Resources */,
				159FD2FF29ADB0B0000DFC26 /* Login.storyboard in Resources */,
				15EEA16429B1C384004A830B /* ClassNameTVC.xib in Resources */,
				1517677229DE873900294010 /* TesDescriptionTVC.xib in Resources */,
				1559C57529BDB8880006CA4F /* ExpandableTVC.xib in Resources */,
				1517679B29DF13FC00294010 /* CorrectAnswerTVC.xib in Resources */,
				159FD2FD29ADB0A6000DFC26 /* Register.storyboard in Resources */,
				154862D429B711C3001B90DE /* ModulDescriptionTVC.xib in Resources */,
				15DD9CF229D164250001DD15 /* StatusTVC.xib in Resources */,
				154862D029B711AF001B90DE /* ModulNameTVC.xib in Resources */,
				15EEA16829B1C4F4004A830B /* ClassDescriptionTVC.xib in Resources */,
				1559C58029BFB3FC0006CA4F /* PengumpulanTugasTVC.xib in Resources */,
				154862E329B72BF7001B90DE /* TugasDescriptionTVC.xib in Resources */,
				1559C58229C20FED0006CA4F /* GoogleService-Info.plist in Resources */,
				1517677C29DE986100294010 /* TesTVC.xib in Resources */,
				1517678B29DF13C000294010 /* AnswerATVC.xib in Resources */,
				1517676E29DE872200294010 /* TesNameTVC.xib in Resources */,
				1517678729DF13A800294010 /* QuestionTVC.xib in Resources */,
				15EEA16C29B4BF6B004A830B /* ClassTVC.xib in Resources */,
				154862C929B5DA62001B90DE /* TugasTVC.xib in Resources */,
				1517679329DF13DB00294010 /* AnswerCTVC.xib in Resources */,
			);
			runOnlyForDeploymentPostprocessing = 0;
		};
/* End PBXResourcesBuildPhase section */

/* Begin PBXShellScriptBuildPhase section */
		BE803EF709AE058D544D658D /* [CP] Embed Pods Frameworks */ = {
			isa = PBXShellScriptBuildPhase;
			buildActionMask = 2147483647;
			files = (
			);
			inputFileListPaths = (
				"${PODS_ROOT}/Target Support Files/Pods-skripsi/Pods-skripsi-frameworks-${CONFIGURATION}-input-files.xcfilelist",
			);
			name = "[CP] Embed Pods Frameworks";
			outputFileListPaths = (
				"${PODS_ROOT}/Target Support Files/Pods-skripsi/Pods-skripsi-frameworks-${CONFIGURATION}-output-files.xcfilelist",
			);
			runOnlyForDeploymentPostprocessing = 0;
			shellPath = /bin/sh;
			shellScript = "\"${PODS_ROOT}/Target Support Files/Pods-skripsi/Pods-skripsi-frameworks.sh\"\n";
			showEnvVarsInLog = 0;
		};
		DB8025B8D8167B19420D97C4 /* [CP] Check Pods Manifest.lock */ = {
			isa = PBXShellScriptBuildPhase;
			buildActionMask = 2147483647;
			files = (
			);
			inputFileListPaths = (
			);
			inputPaths = (
				"${PODS_PODFILE_DIR_PATH}/Podfile.lock",
				"${PODS_ROOT}/Manifest.lock",
			);
			name = "[CP] Check Pods Manifest.lock";
			outputFileListPaths = (
			);
			outputPaths = (
				"$(DERIVED_FILE_DIR)/Pods-skripsi-checkManifestLockResult.txt",
			);
			runOnlyForDeploymentPostprocessing = 0;
			shellPath = /bin/sh;
			shellScript = "diff \"${PODS_PODFILE_DIR_PATH}/Podfile.lock\" \"${PODS_ROOT}/Manifest.lock\" > /dev/null\nif [ $? != 0 ] ; then\n    # print error to STDERR\n    echo \"error: The sandbox is not in sync with the Podfile.lock. Run 'pod install' or update your CocoaPods installation.\" >&2\n    exit 1\nfi\n# This output is used by Xcode 'outputs' to avoid re-running this script phase.\necho \"SUCCESS\" > \"${SCRIPT_OUTPUT_FILE_0}\"\n";
			showEnvVarsInLog = 0;
		};
/* End PBXShellScriptBuildPhase section */

/* Begin PBXSourcesBuildPhase section */
		1587B02729AC71B6007229DB /* Sources */ = {
			isa = PBXSourcesBuildPhase;
			buildActionMask = 2147483647;
			files = (
				1517679629DF13E700294010 /* AnswerDTVC.swift in Sources */,
				150024C129E44591002C4554 /* TesMuridModel.swift in Sources */,
				1587B03329AC71B6007229DB /* ViewController.swift in Sources */,
				1517679A29DF13FC00294010 /* CorrectAnswerTVC.swift in Sources */,
				1587B05229AC7390007229DB /* LoginController.swift in Sources */,
				1587B02F29AC71B6007229DB /* AppDelegate.swift in Sources */,
				1517679229DF13DB00294010 /* AnswerCTVC.swift in Sources */,
				154862DA29B72958001B90DE /* TugasController.swift in Sources */,
				15EEA15A29B1ADE2004A830B /* EmptySpaceController.swift in Sources */,
				15EEA15029ADE571004A830B /* UserDefaults+Extension.swift in Sources */,
				1517679D29DFF6B400294010 /* SoalModel.swift in Sources */,
				1517677429DE92C400294010 /* TesModel.swift in Sources */,
				1559C58A29CDE07C0006CA4F /* ModulModel.swift in Sources */,
				1587B05629AC7496007229DB /* Onboarding.swift in Sources */,
				1517678029DEC91700294010 /* EmptySpaceSoalController.swift in Sources */,
				15EEA17129B4C99D004A830B /* MuridClassController.swift in Sources */,
				1559C57729BDC9870006CA4F /* InputTugasController.swift in Sources */,
				15EEA15729AF2951004A830B /* FindClassController.swift in Sources */,
				1559C58629C347610006CA4F /* ClassModel.swift in Sources */,
				151767A629E149C400294010 /* KumpulanTesController.swift in Sources */,
				1559C58829CDDD6D0006CA4F /* EmptySpaceGuruController.swift in Sources */,
				15EEA15429AF215A004A830B /* ProfileController.swift in Sources */,
				15EEA16F29B4C4A2004A830B /* Struct.swift in Sources */,
				1517677E29DEAF5200294010 /* SoalController.swift in Sources */,
				1559C58C29CE08360006CA4F /* EmptySpaceFindController.swift in Sources */,
				154862C829B5DA62001B90DE /* TugasTVC.swift in Sources */,
				1517678E29DF13CF00294010 /* AnswerBTVC.swift in Sources */,
				15EEA15229ADE728004A830B /* HomePageController.swift in Sources */,
				1517678629DF13A800294010 /* QuestionTVC.swift in Sources */,
				154862E929B99DFC001B90DE /* KumpulanTugasController.swift in Sources */,
				15EEA14C29ADCA67004A830B /* CustomTextField.swift in Sources */,
				150024BD29E2F266002C4554 /* TesRuleController.swift in Sources */,
				1517677129DE873900294010 /* TesDescriptionTVC.swift in Sources */,
				15DD9CF429D1E3E90001DD15 /* PDFController.swift in Sources */,
				15EEA16329B1C384004A830B /* ClassNameTVC.swift in Sources */,
				1517677B29DE986100294010 /* TesTVC.swift in Sources */,
				154862E629B72C0A001B90DE /* TugasNameTVC.swift in Sources */,
				1517678229DF129C00294010 /* MakeSoalController.swift in Sources */,
				154862CF29B711AF001B90DE /* ModulNameTVC.swift in Sources */,
				1517678A29DF13C000294010 /* AnswerATVC.swift in Sources */,
				1587B05429AC739A007229DB /* RegisterController.swift in Sources */,
				150024C429E680EE002C4554 /* TimerTVC.swift in Sources */,
				159FD2F929ACDF84000DFC26 /* OnboardingCell.swift in Sources */,
				15DD9CF129D164250001DD15 /* StatusTVC.swift in Sources */,
				151767A129DFF82800294010 /* SoalTVC.swift in Sources */,
				15EEA15C29B1BE7C004A830B /* MakeClassController.swift in Sources */,
				1559C57F29BFB3FC0006CA4F /* PengumpulanTugasTVC.swift in Sources */,
				154862EC29B9A274001B90DE /* KumpulanTugasTVC.swift in Sources */,
				151767A929E14B0600294010 /* KumpulanTesTVC.swift in Sources */,
				1587B04729AC72E6007229DB /* UIView+Extension.swift in Sources */,
				1587B05029AC7385007229DB /* OnBoardingController.swift in Sources */,
				150024C929E703CE002C4554 /* EmptySpaceTesController.swift in Sources */,
				154862D329B711C3001B90DE /* ModulDescriptionTVC.swift in Sources */,
				1517676D29DE872200294010 /* TesNameTVC.swift in Sources */,
				150024BF29E302C4002C4554 /* DoTesController.swift in Sources */,
				154862C429B5DA53001B90DE /* ModulTVC.swift in Sources */,
				154862CB29B70C3F001B90DE /* ModulController.swift in Sources */,
				1587B03129AC71B6007229DB /* SceneDelegate.swift in Sources */,
				1517676929DE85F400294010 /* InputTesController.swift in Sources */,
				1559C57B29BFB3EC0006CA4F /* DeskripsiTugasTVC.swift in Sources */,
				154862D729B711D4001B90DE /* UploadTVC.swift in Sources */,
				150024C729E7020B002C4554 /* EmptySpaceTugasController.swift in Sources */,
				1559C57429BDB8880006CA4F /* ExpandableTVC.swift in Sources */,
				154862C029B5CDA3001B90DE /* GuruClassController.swift in Sources */,
				1559C58429C32A0C0006CA4F /* UserModel.swift in Sources */,
				154862E229B72BF7001B90DE /* TugasDescriptionTVC.swift in Sources */,
				15EEA16B29B4BF6B004A830B /* ClassTVC.swift in Sources */,
				15EEA16729B1C4F4004A830B /* ClassDescriptionTVC.swift in Sources */,
			);
			runOnlyForDeploymentPostprocessing = 0;
		};
/* End PBXSourcesBuildPhase section */

/* Begin PBXVariantGroup section */
		1587B03429AC71B6007229DB /* Main.storyboard */ = {
			isa = PBXVariantGroup;
			children = (
				1587B03529AC71B6007229DB /* Base */,
			);
			name = Main.storyboard;
			sourceTree = "<group>";
		};
		1587B03929AC71B7007229DB /* LaunchScreen.storyboard */ = {
			isa = PBXVariantGroup;
			children = (
				1587B03A29AC71B7007229DB /* Base */,
			);
			name = LaunchScreen.storyboard;
			sourceTree = "<group>";
		};
/* End PBXVariantGroup section */

/* Begin XCBuildConfiguration section */
		1587B03D29AC71B7007229DB /* Debug */ = {
			isa = XCBuildConfiguration;
			buildSettings = {
				ALWAYS_SEARCH_USER_PATHS = NO;
				CLANG_ANALYZER_NONNULL = YES;
				CLANG_ANALYZER_NUMBER_OBJECT_CONVERSION = YES_AGGRESSIVE;
				CLANG_CXX_LANGUAGE_STANDARD = "gnu++20";
				CLANG_ENABLE_MODULES = YES;
				CLANG_ENABLE_OBJC_ARC = YES;
				CLANG_ENABLE_OBJC_WEAK = YES;
				CLANG_WARN_BLOCK_CAPTURE_AUTORELEASING = YES;
				CLANG_WARN_BOOL_CONVERSION = YES;
				CLANG_WARN_COMMA = YES;
				CLANG_WARN_CONSTANT_CONVERSION = YES;
				CLANG_WARN_DEPRECATED_OBJC_IMPLEMENTATIONS = YES;
				CLANG_WARN_DIRECT_OBJC_ISA_USAGE = YES_ERROR;
				CLANG_WARN_DOCUMENTATION_COMMENTS = YES;
				CLANG_WARN_EMPTY_BODY = YES;
				CLANG_WARN_ENUM_CONVERSION = YES;
				CLANG_WARN_INFINITE_RECURSION = YES;
				CLANG_WARN_INT_CONVERSION = YES;
				CLANG_WARN_NON_LITERAL_NULL_CONVERSION = YES;
				CLANG_WARN_OBJC_IMPLICIT_RETAIN_SELF = YES;
				CLANG_WARN_OBJC_LITERAL_CONVERSION = YES;
				CLANG_WARN_OBJC_ROOT_CLASS = YES_ERROR;
				CLANG_WARN_QUOTED_INCLUDE_IN_FRAMEWORK_HEADER = YES;
				CLANG_WARN_RANGE_LOOP_ANALYSIS = YES;
				CLANG_WARN_STRICT_PROTOTYPES = YES;
				CLANG_WARN_SUSPICIOUS_MOVE = YES;
				CLANG_WARN_UNGUARDED_AVAILABILITY = YES_AGGRESSIVE;
				CLANG_WARN_UNREACHABLE_CODE = YES;
				CLANG_WARN__DUPLICATE_METHOD_MATCH = YES;
				COPY_PHASE_STRIP = NO;
				DEBUG_INFORMATION_FORMAT = dwarf;
				ENABLE_STRICT_OBJC_MSGSEND = YES;
				ENABLE_TESTABILITY = YES;
				GCC_C_LANGUAGE_STANDARD = gnu11;
				GCC_DYNAMIC_NO_PIC = NO;
				GCC_NO_COMMON_BLOCKS = YES;
				GCC_OPTIMIZATION_LEVEL = 0;
				GCC_PREPROCESSOR_DEFINITIONS = (
					"DEBUG=1",
					"$(inherited)",
				);
				GCC_WARN_64_TO_32_BIT_CONVERSION = YES;
				GCC_WARN_ABOUT_RETURN_TYPE = YES_ERROR;
				GCC_WARN_UNDECLARED_SELECTOR = YES;
				GCC_WARN_UNINITIALIZED_AUTOS = YES_AGGRESSIVE;
				GCC_WARN_UNUSED_FUNCTION = YES;
				GCC_WARN_UNUSED_VARIABLE = YES;
				IPHONEOS_DEPLOYMENT_TARGET = 16.4;
				MTL_ENABLE_DEBUG_INFO = INCLUDE_SOURCE;
				MTL_FAST_MATH = YES;
				ONLY_ACTIVE_ARCH = YES;
				PRODUCT_NAME = Edunity;
				SDKROOT = iphoneos;
				SWIFT_ACTIVE_COMPILATION_CONDITIONS = DEBUG;
				SWIFT_OPTIMIZATION_LEVEL = "-Onone";
			};
			name = Debug;
		};
		1587B03E29AC71B7007229DB /* Release */ = {
			isa = XCBuildConfiguration;
			buildSettings = {
				ALWAYS_SEARCH_USER_PATHS = NO;
				CLANG_ANALYZER_NONNULL = YES;
				CLANG_ANALYZER_NUMBER_OBJECT_CONVERSION = YES_AGGRESSIVE;
				CLANG_CXX_LANGUAGE_STANDARD = "gnu++20";
				CLANG_ENABLE_MODULES = YES;
				CLANG_ENABLE_OBJC_ARC = YES;
				CLANG_ENABLE_OBJC_WEAK = YES;
				CLANG_WARN_BLOCK_CAPTURE_AUTORELEASING = YES;
				CLANG_WARN_BOOL_CONVERSION = YES;
				CLANG_WARN_COMMA = YES;
				CLANG_WARN_CONSTANT_CONVERSION = YES;
				CLANG_WARN_DEPRECATED_OBJC_IMPLEMENTATIONS = YES;
				CLANG_WARN_DIRECT_OBJC_ISA_USAGE = YES_ERROR;
				CLANG_WARN_DOCUMENTATION_COMMENTS = YES;
				CLANG_WARN_EMPTY_BODY = YES;
				CLANG_WARN_ENUM_CONVERSION = YES;
				CLANG_WARN_INFINITE_RECURSION = YES;
				CLANG_WARN_INT_CONVERSION = YES;
				CLANG_WARN_NON_LITERAL_NULL_CONVERSION = YES;
				CLANG_WARN_OBJC_IMPLICIT_RETAIN_SELF = YES;
				CLANG_WARN_OBJC_LITERAL_CONVERSION = YES;
				CLANG_WARN_OBJC_ROOT_CLASS = YES_ERROR;
				CLANG_WARN_QUOTED_INCLUDE_IN_FRAMEWORK_HEADER = YES;
				CLANG_WARN_RANGE_LOOP_ANALYSIS = YES;
				CLANG_WARN_STRICT_PROTOTYPES = YES;
				CLANG_WARN_SUSPICIOUS_MOVE = YES;
				CLANG_WARN_UNGUARDED_AVAILABILITY = YES_AGGRESSIVE;
				CLANG_WARN_UNREACHABLE_CODE = YES;
				CLANG_WARN__DUPLICATE_METHOD_MATCH = YES;
				COPY_PHASE_STRIP = NO;
				DEBUG_INFORMATION_FORMAT = "dwarf-with-dsym";
				ENABLE_NS_ASSERTIONS = NO;
				ENABLE_STRICT_OBJC_MSGSEND = YES;
				GCC_C_LANGUAGE_STANDARD = gnu11;
				GCC_NO_COMMON_BLOCKS = YES;
				GCC_WARN_64_TO_32_BIT_CONVERSION = YES;
				GCC_WARN_ABOUT_RETURN_TYPE = YES_ERROR;
				GCC_WARN_UNDECLARED_SELECTOR = YES;
				GCC_WARN_UNINITIALIZED_AUTOS = YES_AGGRESSIVE;
				GCC_WARN_UNUSED_FUNCTION = YES;
				GCC_WARN_UNUSED_VARIABLE = YES;
				IPHONEOS_DEPLOYMENT_TARGET = 16.4;
				MTL_ENABLE_DEBUG_INFO = NO;
				MTL_FAST_MATH = YES;
				PRODUCT_NAME = Edunity;
				SDKROOT = iphoneos;
				SWIFT_COMPILATION_MODE = wholemodule;
				SWIFT_OPTIMIZATION_LEVEL = "-O";
				VALIDATE_PRODUCT = YES;
			};
			name = Release;
		};
		1587B04029AC71B7007229DB /* Debug */ = {
			isa = XCBuildConfiguration;
			baseConfigurationReference = 49F2C4256FF4FD4845F2274C /* Pods-skripsi.debug.xcconfig */;
			buildSettings = {
				ASSETCATALOG_COMPILER_APPICON_NAME = AppIcon;
				ASSETCATALOG_COMPILER_GLOBAL_ACCENT_COLOR_NAME = AccentColor;
				CODE_SIGN_STYLE = Automatic;
				CURRENT_PROJECT_VERSION = 1.0;
				DEVELOPMENT_TEAM = BX9VA5G2BF;
				GENERATE_INFOPLIST_FILE = YES;
				INFOPLIST_FILE = Edunity/Info.plist;
				INFOPLIST_KEY_CFBundleDisplayName = Edunity;
				INFOPLIST_KEY_LSApplicationCategoryType = "public.app-category.education";
				INFOPLIST_KEY_UIApplicationSupportsIndirectInputEvents = YES;
				INFOPLIST_KEY_UILaunchStoryboardName = LaunchScreen;
				INFOPLIST_KEY_UIMainStoryboardFile = Main;
				INFOPLIST_KEY_UISupportedInterfaceOrientations_iPad = "UIInterfaceOrientationPortrait UIInterfaceOrientationPortraitUpsideDown UIInterfaceOrientationLandscapeLeft UIInterfaceOrientationLandscapeRight";
				INFOPLIST_KEY_UISupportedInterfaceOrientations_iPhone = "UIInterfaceOrientationPortrait UIInterfaceOrientationLandscapeLeft UIInterfaceOrientationLandscapeRight";
				IPHONEOS_DEPLOYMENT_TARGET = 15.0;
				LD_RUNPATH_SEARCH_PATHS = (
					"$(inherited)",
					"@executable_path/Frameworks",
				);
				MARKETING_VERSION = 1.0;
				PRODUCT_BUNDLE_IDENTIFIER = com.hanzchristian.edunity;
				PRODUCT_NAME = Edunity;
				SWIFT_EMIT_LOC_STRINGS = YES;
				SWIFT_VERSION = 5.0;
				TARGETED_DEVICE_FAMILY = "1,2";
			};
			name = Debug;
		};
		1587B04129AC71B7007229DB /* Release */ = {
			isa = XCBuildConfiguration;
			baseConfigurationReference = AA0B46150E533D96FB1DBEAB /* Pods-skripsi.release.xcconfig */;
			buildSettings = {
				ASSETCATALOG_COMPILER_APPICON_NAME = AppIcon;
				ASSETCATALOG_COMPILER_GLOBAL_ACCENT_COLOR_NAME = AccentColor;
				CODE_SIGN_STYLE = Automatic;
				CURRENT_PROJECT_VERSION = 1.0;
				DEVELOPMENT_TEAM = BX9VA5G2BF;
				GENERATE_INFOPLIST_FILE = YES;
				INFOPLIST_FILE = Edunity/Info.plist;
				INFOPLIST_KEY_CFBundleDisplayName = Edunity;
				INFOPLIST_KEY_LSApplicationCategoryType = "public.app-category.education";
				INFOPLIST_KEY_UIApplicationSupportsIndirectInputEvents = YES;
				INFOPLIST_KEY_UILaunchStoryboardName = LaunchScreen;
				INFOPLIST_KEY_UIMainStoryboardFile = Main;
				INFOPLIST_KEY_UISupportedInterfaceOrientations_iPad = "UIInterfaceOrientationPortrait UIInterfaceOrientationPortraitUpsideDown UIInterfaceOrientationLandscapeLeft UIInterfaceOrientationLandscapeRight";
				INFOPLIST_KEY_UISupportedInterfaceOrientations_iPhone = "UIInterfaceOrientationPortrait UIInterfaceOrientationLandscapeLeft UIInterfaceOrientationLandscapeRight";
				IPHONEOS_DEPLOYMENT_TARGET = 15.0;
				LD_RUNPATH_SEARCH_PATHS = (
					"$(inherited)",
					"@executable_path/Frameworks",
				);
				MARKETING_VERSION = 1.0;
				PRODUCT_BUNDLE_IDENTIFIER = com.hanzchristian.edunity;
				PRODUCT_NAME = Edunity;
				SWIFT_EMIT_LOC_STRINGS = YES;
				SWIFT_VERSION = 5.0;
				TARGETED_DEVICE_FAMILY = "1,2";
			};
			name = Release;
		};
/* End XCBuildConfiguration section */

/* Begin XCConfigurationList section */
		1587B02629AC71B6007229DB /* Build configuration list for PBXProject "Edunity" */ = {
			isa = XCConfigurationList;
			buildConfigurations = (
				1587B03D29AC71B7007229DB /* Debug */,
				1587B03E29AC71B7007229DB /* Release */,
			);
			defaultConfigurationIsVisible = 0;
			defaultConfigurationName = Release;
		};
		1587B03F29AC71B7007229DB /* Build configuration list for PBXNativeTarget "skripsi" */ = {
			isa = XCConfigurationList;
			buildConfigurations = (
				1587B04029AC71B7007229DB /* Debug */,
				1587B04129AC71B7007229DB /* Release */,
			);
			defaultConfigurationIsVisible = 0;
			defaultConfigurationName = Release;
		};
/* End XCConfigurationList section */
	};
	rootObject = 1587B02329AC71B6007229DB /* Project object */;
}
